
Microsoft Visual Studio Solution File, Format Version 12.00
# Visual Studio 15
VisualStudioVersion = 15.0.28010.2048
MinimumVisualStudioVersion = 10.0.40219.1
Project("{8BC9CEB8-8B4A-11D0-8D11-00A0C91BC942}") = "TestRequest", "TestRequest\TestRequest.vcxproj", "{2FB336ED-53C7-46E2-A942-8BEC5B45AF9A}"
EndProject
Project("{8BC9CEB8-8B4A-11D0-8D11-00A0C91BC942}") = "DateTime", "Utilities\DateTime\DateTime.vcxproj", "{C1E1F450-B7E1-4796-84D5-7D3C831DFF68}"
EndProject
Project("{8BC9CEB8-8B4A-11D0-8D11-00A0C91BC942}") = "Loader", "Utilities\Loader\Loader.vcxproj", "{942A8D2E-62B4-4BA1-AAFE-1D6BF1C53C7D}"
EndProject
Project("{8BC9CEB8-8B4A-11D0-8D11-00A0C91BC942}") = "FileSystem", "Utilities\FileSystem\FileSystem.vcxproj", "{ACE4D371-F507-4ED1-81AA-61C34D675BDF}"
EndProject
Project("{8BC9CEB8-8B4A-11D0-8D11-00A0C91BC942}") = "CodeUtilities", "Utilities\CodeUtilities\CodeUtilities.vcxproj", "{D6E40902-7A6C-4AF9-B69A-68E7B80B722C}"
EndProject
Project("{8BC9CEB8-8B4A-11D0-8D11-00A0C91BC942}") = "StringUtilities", "Utilities\StringUtilities\StringUtilities.vcxproj", "{462B43B2-8B13-4178-BF2A-903F76F1985C}"
EndProject
Project("{8BC9CEB8-8B4A-11D0-8D11-00A0C91BC942}") = "Message", "CppCommWithFileXfer\Message\Message.vcxproj", "{4133D528-AB6D-4CCD-AF37-67536F36154C}"
EndProject
Project("{8BC9CEB8-8B4A-11D0-8D11-00A0C91BC942}") = "MsgPassingComm", "CppCommWithFileXfer\MsgPassingComm\MsgPassingComm.vcxproj", "{6E58E051-CC07-4D7F-92A4-06A117A79CA7}"
EndProject
Project("{8BC9CEB8-8B4A-11D0-8D11-00A0C91BC942}") = "Sockets", "CppCommWithFileXfer\Sockets\Sockets.vcxproj", "{CA3129B8-1BF4-44C9-B116-53EC72D0BCCB}"
EndProject
Project("{8BC9CEB8-8B4A-11D0-8D11-00A0C91BC942}") = "TestDriver1", "TestDriver1\TestDriver1.vcxproj", "{6A1A0DCA-7A23-4990-9ABB-050176F6A084}"
EndProject
Project("{8BC9CEB8-8B4A-11D0-8D11-00A0C91BC942}") = "Process", "Process\Process.vcxproj", "{5E2548A1-C280-49E1-A2B6-55F4BA12B3F2}"
EndProject
Project("{8BC9CEB8-8B4A-11D0-8D11-00A0C91BC942}") = "Mother_server", "Mother_server\Mother_server.vcxproj", "{274E1995-FE8B-4F62-BFF4-BF6C919DA5FC}"
EndProject
Project("{8BC9CEB8-8B4A-11D0-8D11-00A0C91BC942}") = "TestDrive", "Utilities\Loader\TestDrive\TestDrive.vcxproj", "{7D51882B-0022-48C7-B82C-53C0315D46C6}"
EndProject
Project("{8BC9CEB8-8B4A-11D0-8D11-00A0C91BC942}") = "CommLibWrapper", "CommLibWrapper\CommLibWrapper.vcxproj", "{B1DB1846-C0FC-48EF-80E4-DC556E9240FA}"
EndProject
Project("{FAE04EC0-301F-11D3-BF4B-00C04F79EFBC}") = "PrototypeGui-OOD-Pr4", "PrototypeGui-OOD-Pr4\PrototypeGui-OOD-Pr4.csproj", "{037A4C15-D4D1-4B7F-81BA-A112F1236A89}"
EndProject
Project("{8BC9CEB8-8B4A-11D0-8D11-00A0C91BC942}") = "Translater", "Translater\Translater.vcxproj", "{6105617E-3D4C-4914-BA33-E3D053496BA3}"
EndProject
Project("{8BC9CEB8-8B4A-11D0-8D11-00A0C91BC942}") = "Demo_Testreqs-1", "Demo_Testreqs-1\Demo_Testreqs.vcxproj", "{69D74577-1938-44B6-832D-40FF650EE1AA}"
EndProject
Project("{8BC9CEB8-8B4A-11D0-8D11-00A0C91BC942}") = "Demo_Testreqs-2", "Demo_Testreqs-2\Demo_Testreqs-2.vcxproj", "{25041821-B32B-427B-A631-25286C97670C}"
EndProject
Project("{8BC9CEB8-8B4A-11D0-8D11-00A0C91BC942}") = "TestHarnessChild", "TestHarnessChild\TestHarnessChild.vcxproj", "{6A52B276-EBF2-4CB7-8B0A-9C08CD7D4AE7}"
EndProject
Global
	GlobalSection(SolutionConfigurationPlatforms) = preSolution
		Debug|Any CPU = Debug|Any CPU
		Debug|x64 = Debug|x64
		Debug|x86 = Debug|x86
		Release|Any CPU = Release|Any CPU
		Release|x64 = Release|x64
		Release|x86 = Release|x86
	EndGlobalSection
	GlobalSection(ProjectConfigurationPlatforms) = postSolution
		{2FB336ED-53C7-46E2-A942-8BEC5B45AF9A}.Debug|Any CPU.ActiveCfg = Debug|Win32
		{2FB336ED-53C7-46E2-A942-8BEC5B45AF9A}.Debug|x64.ActiveCfg = Debug|x64
		{2FB336ED-53C7-46E2-A942-8BEC5B45AF9A}.Debug|x64.Build.0 = Debug|x64
		{2FB336ED-53C7-46E2-A942-8BEC5B45AF9A}.Debug|x86.ActiveCfg = Debug|Win32
		{2FB336ED-53C7-46E2-A942-8BEC5B45AF9A}.Debug|x86.Build.0 = Debug|Win32
		{2FB336ED-53C7-46E2-A942-8BEC5B45AF9A}.Release|Any CPU.ActiveCfg = Release|Win32
		{2FB336ED-53C7-46E2-A942-8BEC5B45AF9A}.Release|x64.ActiveCfg = Release|x64
		{2FB336ED-53C7-46E2-A942-8BEC5B45AF9A}.Release|x64.Build.0 = Release|x64
		{2FB336ED-53C7-46E2-A942-8BEC5B45AF9A}.Release|x86.ActiveCfg = Release|Win32
		{2FB336ED-53C7-46E2-A942-8BEC5B45AF9A}.Release|x86.Build.0 = Release|Win32
		{C1E1F450-B7E1-4796-84D5-7D3C831DFF68}.Debug|Any CPU.ActiveCfg = Debug|Win32
		{C1E1F450-B7E1-4796-84D5-7D3C831DFF68}.Debug|x64.ActiveCfg = Debug|x64
		{C1E1F450-B7E1-4796-84D5-7D3C831DFF68}.Debug|x64.Build.0 = Debug|x64
		{C1E1F450-B7E1-4796-84D5-7D3C831DFF68}.Debug|x86.ActiveCfg = Debug|Win32
		{C1E1F450-B7E1-4796-84D5-7D3C831DFF68}.Debug|x86.Build.0 = Debug|Win32
		{C1E1F450-B7E1-4796-84D5-7D3C831DFF68}.Release|Any CPU.ActiveCfg = Release|Win32
		{C1E1F450-B7E1-4796-84D5-7D3C831DFF68}.Release|x64.ActiveCfg = Release|x64
		{C1E1F450-B7E1-4796-84D5-7D3C831DFF68}.Release|x64.Build.0 = Release|x64
		{C1E1F450-B7E1-4796-84D5-7D3C831DFF68}.Release|x86.ActiveCfg = Release|Win32
		{C1E1F450-B7E1-4796-84D5-7D3C831DFF68}.Release|x86.Build.0 = Release|Win32
		{942A8D2E-62B4-4BA1-AAFE-1D6BF1C53C7D}.Debug|Any CPU.ActiveCfg = Debug|Win32
		{942A8D2E-62B4-4BA1-AAFE-1D6BF1C53C7D}.Debug|x64.ActiveCfg = Debug|x64
		{942A8D2E-62B4-4BA1-AAFE-1D6BF1C53C7D}.Debug|x64.Build.0 = Debug|x64
		{942A8D2E-62B4-4BA1-AAFE-1D6BF1C53C7D}.Debug|x86.ActiveCfg = Debug|Win32
		{942A8D2E-62B4-4BA1-AAFE-1D6BF1C53C7D}.Debug|x86.Build.0 = Debug|Win32
		{942A8D2E-62B4-4BA1-AAFE-1D6BF1C53C7D}.Release|Any CPU.ActiveCfg = Release|Win32
		{942A8D2E-62B4-4BA1-AAFE-1D6BF1C53C7D}.Release|x64.ActiveCfg = Release|x64
		{942A8D2E-62B4-4BA1-AAFE-1D6BF1C53C7D}.Release|x64.Build.0 = Release|x64
		{942A8D2E-62B4-4BA1-AAFE-1D6BF1C53C7D}.Release|x86.ActiveCfg = Release|Win32
		{942A8D2E-62B4-4BA1-AAFE-1D6BF1C53C7D}.Release|x86.Build.0 = Release|Win32
		{ACE4D371-F507-4ED1-81AA-61C34D675BDF}.Debug|Any CPU.ActiveCfg = Debug|Win32
		{ACE4D371-F507-4ED1-81AA-61C34D675BDF}.Debug|x64.ActiveCfg = Debug|x64
		{ACE4D371-F507-4ED1-81AA-61C34D675BDF}.Debug|x64.Build.0 = Debug|x64
		{ACE4D371-F507-4ED1-81AA-61C34D675BDF}.Debug|x86.ActiveCfg = Debug|Win32
		{ACE4D371-F507-4ED1-81AA-61C34D675BDF}.Debug|x86.Build.0 = Debug|Win32
		{ACE4D371-F507-4ED1-81AA-61C34D675BDF}.Release|Any CPU.ActiveCfg = Release|Win32
		{ACE4D371-F507-4ED1-81AA-61C34D675BDF}.Release|x64.ActiveCfg = Release|x64
		{ACE4D371-F507-4ED1-81AA-61C34D675BDF}.Release|x64.Build.0 = Release|x64
		{ACE4D371-F507-4ED1-81AA-61C34D675BDF}.Release|x86.ActiveCfg = Release|Win32
		{ACE4D371-F507-4ED1-81AA-61C34D675BDF}.Release|x86.Build.0 = Release|Win32
		{D6E40902-7A6C-4AF9-B69A-68E7B80B722C}.Debug|Any CPU.ActiveCfg = Debug|Win32
		{D6E40902-7A6C-4AF9-B69A-68E7B80B722C}.Debug|x64.ActiveCfg = Debug|x64
		{D6E40902-7A6C-4AF9-B69A-68E7B80B722C}.Debug|x64.Build.0 = Debug|x64
		{D6E40902-7A6C-4AF9-B69A-68E7B80B722C}.Debug|x86.ActiveCfg = Debug|Win32
		{D6E40902-7A6C-4AF9-B69A-68E7B80B722C}.Debug|x86.Build.0 = Debug|Win32
		{D6E40902-7A6C-4AF9-B69A-68E7B80B722C}.Release|Any CPU.ActiveCfg = Release|Win32
		{D6E40902-7A6C-4AF9-B69A-68E7B80B722C}.Release|x64.ActiveCfg = Release|x64
		{D6E40902-7A6C-4AF9-B69A-68E7B80B722C}.Release|x64.Build.0 = Release|x64
		{D6E40902-7A6C-4AF9-B69A-68E7B80B722C}.Release|x86.ActiveCfg = Release|Win32
		{D6E40902-7A6C-4AF9-B69A-68E7B80B722C}.Release|x86.Build.0 = Release|Win32
		{462B43B2-8B13-4178-BF2A-903F76F1985C}.Debug|Any CPU.ActiveCfg = Debug|Win32
		{462B43B2-8B13-4178-BF2A-903F76F1985C}.Debug|x64.ActiveCfg = Debug|x64
		{462B43B2-8B13-4178-BF2A-903F76F1985C}.Debug|x64.Build.0 = Debug|x64
		{462B43B2-8B13-4178-BF2A-903F76F1985C}.Debug|x86.ActiveCfg = Debug|Win32
		{462B43B2-8B13-4178-BF2A-903F76F1985C}.Debug|x86.Build.0 = Debug|Win32
		{462B43B2-8B13-4178-BF2A-903F76F1985C}.Release|Any CPU.ActiveCfg = Release|Win32
		{462B43B2-8B13-4178-BF2A-903F76F1985C}.Release|x64.ActiveCfg = Release|x64
		{462B43B2-8B13-4178-BF2A-903F76F1985C}.Release|x64.Build.0 = Release|x64
		{462B43B2-8B13-4178-BF2A-903F76F1985C}.Release|x86.ActiveCfg = Release|Win32
		{462B43B2-8B13-4178-BF2A-903F76F1985C}.Release|x86.Build.0 = Release|Win32
		{4133D528-AB6D-4CCD-AF37-67536F36154C}.Debug|Any CPU.ActiveCfg = Debug|Win32
		{4133D528-AB6D-4CCD-AF37-67536F36154C}.Debug|x64.ActiveCfg = Debug|x64
		{4133D528-AB6D-4CCD-AF37-67536F36154C}.Debug|x64.Build.0 = Debug|x64
		{4133D528-AB6D-4CCD-AF37-67536F36154C}.Debug|x86.ActiveCfg = Debug|Win32
		{4133D528-AB6D-4CCD-AF37-67536F36154C}.Debug|x86.Build.0 = Debug|Win32
		{4133D528-AB6D-4CCD-AF37-67536F36154C}.Release|Any CPU.ActiveCfg = Release|Win32
		{4133D528-AB6D-4CCD-AF37-67536F36154C}.Release|x64.ActiveCfg = Release|x64
		{4133D528-AB6D-4CCD-AF37-67536F36154C}.Release|x64.Build.0 = Release|x64
		{4133D528-AB6D-4CCD-AF37-67536F36154C}.Release|x86.ActiveCfg = Release|Win32
		{4133D528-AB6D-4CCD-AF37-67536F36154C}.Release|x86.Build.0 = Release|Win32
		{6E58E051-CC07-4D7F-92A4-06A117A79CA7}.Debug|Any CPU.ActiveCfg = Debug|Win32
		{6E58E051-CC07-4D7F-92A4-06A117A79CA7}.Debug|x64.ActiveCfg = Debug|x64
		{6E58E051-CC07-4D7F-92A4-06A117A79CA7}.Debug|x64.Build.0 = Debug|x64
		{6E58E051-CC07-4D7F-92A4-06A117A79CA7}.Debug|x86.ActiveCfg = Debug|Win32
		{6E58E051-CC07-4D7F-92A4-06A117A79CA7}.Debug|x86.Build.0 = Debug|Win32
		{6E58E051-CC07-4D7F-92A4-06A117A79CA7}.Release|Any CPU.ActiveCfg = Release|Win32
		{6E58E051-CC07-4D7F-92A4-06A117A79CA7}.Release|x64.ActiveCfg = Release|x64
		{6E58E051-CC07-4D7F-92A4-06A117A79CA7}.Release|x64.Build.0 = Release|x64
		{6E58E051-CC07-4D7F-92A4-06A117A79CA7}.Release|x86.ActiveCfg = Release|Win32
		{6E58E051-CC07-4D7F-92A4-06A117A79CA7}.Release|x86.Build.0 = Release|Win32
		{CA3129B8-1BF4-44C9-B116-53EC72D0BCCB}.Debug|Any CPU.ActiveCfg = Debug|Win32
		{CA3129B8-1BF4-44C9-B116-53EC72D0BCCB}.Debug|x64.ActiveCfg = Debug|Win32
		{CA3129B8-1BF4-44C9-B116-53EC72D0BCCB}.Debug|x86.ActiveCfg = Debug|Win32
		{CA3129B8-1BF4-44C9-B116-53EC72D0BCCB}.Debug|x86.Build.0 = Debug|Win32
		{CA3129B8-1BF4-44C9-B116-53EC72D0BCCB}.Release|Any CPU.ActiveCfg = Release|Win32
		{CA3129B8-1BF4-44C9-B116-53EC72D0BCCB}.Release|x64.ActiveCfg = Release|Win32
		{CA3129B8-1BF4-44C9-B116-53EC72D0BCCB}.Release|x86.ActiveCfg = Release|Win32
		{CA3129B8-1BF4-44C9-B116-53EC72D0BCCB}.Release|x86.Build.0 = Release|Win32
		{6A1A0DCA-7A23-4990-9ABB-050176F6A084}.Debug|Any CPU.ActiveCfg = Debug|Win32
		{6A1A0DCA-7A23-4990-9ABB-050176F6A084}.Debug|x64.ActiveCfg = Debug|x64
		{6A1A0DCA-7A23-4990-9ABB-050176F6A084}.Debug|x64.Build.0 = Debug|x64
		{6A1A0DCA-7A23-4990-9ABB-050176F6A084}.Debug|x86.ActiveCfg = Debug|Win32
		{6A1A0DCA-7A23-4990-9ABB-050176F6A084}.Debug|x86.Build.0 = Debug|Win32
		{6A1A0DCA-7A23-4990-9ABB-050176F6A084}.Release|Any CPU.ActiveCfg = Release|Win32
		{6A1A0DCA-7A23-4990-9ABB-050176F6A084}.Release|x64.ActiveCfg = Release|x64
		{6A1A0DCA-7A23-4990-9ABB-050176F6A084}.Release|x64.Build.0 = Release|x64
		{6A1A0DCA-7A23-4990-9ABB-050176F6A084}.Release|x86.ActiveCfg = Release|Win32
		{6A1A0DCA-7A23-4990-9ABB-050176F6A084}.Release|x86.Build.0 = Release|Win32
		{5E2548A1-C280-49E1-A2B6-55F4BA12B3F2}.Debug|Any CPU.ActiveCfg = Debug|Win32
		{5E2548A1-C280-49E1-A2B6-55F4BA12B3F2}.Debug|x64.ActiveCfg = Debug|x64
		{5E2548A1-C280-49E1-A2B6-55F4BA12B3F2}.Debug|x64.Build.0 = Debug|x64
		{5E2548A1-C280-49E1-A2B6-55F4BA12B3F2}.Debug|x86.ActiveCfg = Debug|Win32
		{5E2548A1-C280-49E1-A2B6-55F4BA12B3F2}.Debug|x86.Build.0 = Debug|Win32
		{5E2548A1-C280-49E1-A2B6-55F4BA12B3F2}.Release|Any CPU.ActiveCfg = Release|Win32
		{5E2548A1-C280-49E1-A2B6-55F4BA12B3F2}.Release|x64.ActiveCfg = Release|x64
		{5E2548A1-C280-49E1-A2B6-55F4BA12B3F2}.Release|x64.Build.0 = Release|x64
		{5E2548A1-C280-49E1-A2B6-55F4BA12B3F2}.Release|x86.ActiveCfg = Release|Win32
		{5E2548A1-C280-49E1-A2B6-55F4BA12B3F2}.Release|x86.Build.0 = Release|Win32
		{274E1995-FE8B-4F62-BFF4-BF6C919DA5FC}.Debug|Any CPU.ActiveCfg = Debug|Win32
		{274E1995-FE8B-4F62-BFF4-BF6C919DA5FC}.Debug|x64.ActiveCfg = Debug|x64
		{274E1995-FE8B-4F62-BFF4-BF6C919DA5FC}.Debug|x64.Build.0 = Debug|x64
		{274E1995-FE8B-4F62-BFF4-BF6C919DA5FC}.Debug|x86.ActiveCfg = Debug|Win32
		{274E1995-FE8B-4F62-BFF4-BF6C919DA5FC}.Debug|x86.Build.0 = Debug|Win32
		{274E1995-FE8B-4F62-BFF4-BF6C919DA5FC}.Release|Any CPU.ActiveCfg = Release|Win32
		{274E1995-FE8B-4F62-BFF4-BF6C919DA5FC}.Release|x64.ActiveCfg = Release|x64
		{274E1995-FE8B-4F62-BFF4-BF6C919DA5FC}.Release|x64.Build.0 = Release|x64
		{274E1995-FE8B-4F62-BFF4-BF6C919DA5FC}.Release|x86.ActiveCfg = Release|Win32
		{274E1995-FE8B-4F62-BFF4-BF6C919DA5FC}.Release|x86.Build.0 = Release|Win32
		{7D51882B-0022-48C7-B82C-53C0315D46C6}.Debug|Any CPU.ActiveCfg = Debug|Win32
		{7D51882B-0022-48C7-B82C-53C0315D46C6}.Debug|x64.ActiveCfg = Debug|x64
		{7D51882B-0022-48C7-B82C-53C0315D46C6}.Debug|x64.Build.0 = Debug|x64
		{7D51882B-0022-48C7-B82C-53C0315D46C6}.Debug|x86.ActiveCfg = Debug|Win32
		{7D51882B-0022-48C7-B82C-53C0315D46C6}.Debug|x86.Build.0 = Debug|Win32
		{7D51882B-0022-48C7-B82C-53C0315D46C6}.Release|Any CPU.ActiveCfg = Release|Win32
		{7D51882B-0022-48C7-B82C-53C0315D46C6}.Release|x64.ActiveCfg = Release|x64
		{7D51882B-0022-48C7-B82C-53C0315D46C6}.Release|x64.Build.0 = Release|x64
		{7D51882B-0022-48C7-B82C-53C0315D46C6}.Release|x86.ActiveCfg = Release|Win32
		{7D51882B-0022-48C7-B82C-53C0315D46C6}.Release|x86.Build.0 = Release|Win32
		{B1DB1846-C0FC-48EF-80E4-DC556E9240FA}.Debug|Any CPU.ActiveCfg = Debug|Win32
		{B1DB1846-C0FC-48EF-80E4-DC556E9240FA}.Debug|x64.ActiveCfg = Debug|x64
		{B1DB1846-C0FC-48EF-80E4-DC556E9240FA}.Debug|x64.Build.0 = Debug|x64
		{B1DB1846-C0FC-48EF-80E4-DC556E9240FA}.Debug|x86.ActiveCfg = Debug|Win32
		{B1DB1846-C0FC-48EF-80E4-DC556E9240FA}.Debug|x86.Build.0 = Debug|Win32
		{B1DB1846-C0FC-48EF-80E4-DC556E9240FA}.Release|Any CPU.ActiveCfg = Release|Win32
		{B1DB1846-C0FC-48EF-80E4-DC556E9240FA}.Release|x64.ActiveCfg = Release|x64
		{B1DB1846-C0FC-48EF-80E4-DC556E9240FA}.Release|x64.Build.0 = Release|x64
		{B1DB1846-C0FC-48EF-80E4-DC556E9240FA}.Release|x86.ActiveCfg = Release|Win32
		{B1DB1846-C0FC-48EF-80E4-DC556E9240FA}.Release|x86.Build.0 = Release|Win32
		{037A4C15-D4D1-4B7F-81BA-A112F1236A89}.Debug|Any CPU.ActiveCfg = Debug|Any CPU
		{037A4C15-D4D1-4B7F-81BA-A112F1236A89}.Debug|Any CPU.Build.0 = Debug|Any CPU
		{037A4C15-D4D1-4B7F-81BA-A112F1236A89}.Debug|x64.ActiveCfg = Debug|Any CPU
		{037A4C15-D4D1-4B7F-81BA-A112F1236A89}.Debug|x64.Build.0 = Debug|Any CPU
		{037A4C15-D4D1-4B7F-81BA-A112F1236A89}.Debug|x86.ActiveCfg = Debug|Any CPU
		{037A4C15-D4D1-4B7F-81BA-A112F1236A89}.Debug|x86.Build.0 = Debug|Any CPU
		{037A4C15-D4D1-4B7F-81BA-A112F1236A89}.Release|Any CPU.ActiveCfg = Release|Any CPU
		{037A4C15-D4D1-4B7F-81BA-A112F1236A89}.Release|Any CPU.Build.0 = Release|Any CPU
		{037A4C15-D4D1-4B7F-81BA-A112F1236A89}.Release|x64.ActiveCfg = Release|Any CPU
		{037A4C15-D4D1-4B7F-81BA-A112F1236A89}.Release|x64.Build.0 = Release|Any CPU
		{037A4C15-D4D1-4B7F-81BA-A112F1236A89}.Release|x86.ActiveCfg = Release|Any CPU
		{037A4C15-D4D1-4B7F-81BA-A112F1236A89}.Release|x86.Build.0 = Release|Any CPU
		{6105617E-3D4C-4914-BA33-E3D053496BA3}.Debug|Any CPU.ActiveCfg = Debug|Win32
		{6105617E-3D4C-4914-BA33-E3D053496BA3}.Debug|x64.ActiveCfg = Debug|x64
		{6105617E-3D4C-4914-BA33-E3D053496BA3}.Debug|x64.Build.0 = Debug|x64
		{6105617E-3D4C-4914-BA33-E3D053496BA3}.Debug|x86.ActiveCfg = Debug|Win32
		{6105617E-3D4C-4914-BA33-E3D053496BA3}.Debug|x86.Build.0 = Debug|Win32
		{6105617E-3D4C-4914-BA33-E3D053496BA3}.Release|Any CPU.ActiveCfg = Release|Win32
		{6105617E-3D4C-4914-BA33-E3D053496BA3}.Release|x64.ActiveCfg = Release|x64
		{6105617E-3D4C-4914-BA33-E3D053496BA3}.Release|x64.Build.0 = Release|x64
		{6105617E-3D4C-4914-BA33-E3D053496BA3}.Release|x86.ActiveCfg = Release|Win32
		{6105617E-3D4C-4914-BA33-E3D053496BA3}.Release|x86.Build.0 = Release|Win32
		{69D74577-1938-44B6-832D-40FF650EE1AA}.Debug|Any CPU.ActiveCfg = Debug|Win32
		{69D74577-1938-44B6-832D-40FF650EE1AA}.Debug|x64.ActiveCfg = Debug|x64
		{69D74577-1938-44B6-832D-40FF650EE1AA}.Debug|x64.Build.0 = Debug|x64
		{69D74577-1938-44B6-832D-40FF650EE1AA}.Debug|x86.ActiveCfg = Debug|Win32
		{69D74577-1938-44B6-832D-40FF650EE1AA}.Debug|x86.Build.0 = Debug|Win32
		{69D74577-1938-44B6-832D-40FF650EE1AA}.Release|Any CPU.ActiveCfg = Release|Win32
		{69D74577-1938-44B6-832D-40FF650EE1AA}.Release|x64.ActiveCfg = Release|x64
		{69D74577-1938-44B6-832D-40FF650EE1AA}.Release|x64.Build.0 = Release|x64
		{69D74577-1938-44B6-832D-40FF650EE1AA}.Release|x86.ActiveCfg = Release|Win32
		{69D74577-1938-44B6-832D-40FF650EE1AA}.Release|x86.Build.0 = Release|Win32
		{25041821-B32B-427B-A631-25286C97670C}.Debug|Any CPU.ActiveCfg = Debug|Win32
		{25041821-B32B-427B-A631-25286C97670C}.Debug|x64.ActiveCfg = Debug|x64
		{25041821-B32B-427B-A631-25286C97670C}.Debug|x64.Build.0 = Debug|x64
		{25041821-B32B-427B-A631-25286C97670C}.Debug|x86.ActiveCfg = Debug|Win32
		{25041821-B32B-427B-A631-25286C97670C}.Debug|x86.Build.0 = Debug|Win32
		{25041821-B32B-427B-A631-25286C97670C}.Release|Any CPU.ActiveCfg = Release|Win32
		{25041821-B32B-427B-A631-25286C97670C}.Release|x64.ActiveCfg = Release|x64
		{25041821-B32B-427B-A631-25286C97670C}.Release|x64.Build.0 = Release|x64
		{25041821-B32B-427B-A631-25286C97670C}.Release|x86.ActiveCfg = Release|Win32
		{25041821-B32B-427B-A631-25286C97670C}.Release|x86.Build.0 = Release|Win32
		{6A52B276-EBF2-4CB7-8B0A-9C08CD7D4AE7}.Debug|Any CPU.ActiveCfg = Debug|Win32
		{6A52B276-EBF2-4CB7-8B0A-9C08CD7D4AE7}.Debug|x64.ActiveCfg = Debug|x64
		{6A52B276-EBF2-4CB7-8B0A-9C08CD7D4AE7}.Debug|x64.Build.0 = Debug|x64
		{6A52B276-EBF2-4CB7-8B0A-9C08CD7D4AE7}.Debug|x86.ActiveCfg = Debug|Win32
		{6A52B276-EBF2-4CB7-8B0A-9C08CD7D4AE7}.Debug|x86.Build.0 = Debug|Win32
		{6A52B276-EBF2-4CB7-8B0A-9C08CD7D4AE7}.Release|Any CPU.ActiveCfg = Release|Win32
		{6A52B276-EBF2-4CB7-8B0A-9C08CD7D4AE7}.Release|x64.ActiveCfg = Release|x64
		{6A52B276-EBF2-4CB7-8B0A-9C08CD7D4AE7}.Release|x64.Build.0 = Release|x64
		{6A52B276-EBF2-4CB7-8B0A-9C08CD7D4AE7}.Release|x86.ActiveCfg = Release|Win32
		{6A52B276-EBF2-4CB7-8B0A-9C08CD7D4AE7}.Release|x86.Build.0 = Release|Win32
	EndGlobalSection
	GlobalSection(SolutionProperties) = preSolution
		HideSolutionNode = FALSE
	EndGlobalSection
	GlobalSection(ExtensibilityGlobals) = postSolution
		SolutionGuid = {B827B3BD-FFD6-43D6-9CCA-796C62E94820}
	EndGlobalSection
EndGlobal
